
Microsoft Visual Studio Solution File, Format Version 12.00
# Visual Studio Version 17
VisualStudioVersion = 17.6.33717.318
MinimumVisualStudioVersion = 10.0.40219.1
Project("{9A19103F-16F7-4668-BE54-9A1E7A4F7556}") = "GeCli.Back.Domain", "GeCli.Back.Domain\GeCli.Back.Domain.csproj", "{2B5B0ED2-0668-448F-879A-F24CFBD04943}"
EndProject
Project("{9A19103F-16F7-4668-BE54-9A1E7A4F7556}") = "GeCli.Back.Infra.Data", "GeCli.Back.Infra.Data\GeCli.Back.Infra.Data.csproj", "{AA24EC61-4D71-4040-8BA3-34A68BA93048}"
EndProject
Project("{9A19103F-16F7-4668-BE54-9A1E7A4F7556}") = "GeCli.Back.Infra.IoC", "GeCli.Back.Infra.IoC\GeCli.Back.Infra.IoC.csproj", "{C0D8F52E-4A86-4582-AA33-3A179BE3B4B1}"
EndProject
Project("{9A19103F-16F7-4668-BE54-9A1E7A4F7556}") = "GeCli.Back.API", "GeCli.Back.API\GeCli.Back.API.csproj", "{5F056F9B-9867-49BB-81C0-672A5225245D}"
EndProject
Project("{9A19103F-16F7-4668-BE54-9A1E7A4F7556}") = "GeCli.Back.Manager", "GeCli.Back.Manager\GeCli.Back.Manager.csproj", "{B9D47F97-06F7-4425-8AC9-BFE84EE2E74F}"
EndProject
Project("{2150E333-8FDC-42A3-9474-1A3956D46DE8}") = "02.GeCli.Manager", "02.GeCli.Manager", "{4631D518-A6AE-4581-8ED4-6E25AF6A06BC}"
EndProject
Project("{2150E333-8FDC-42A3-9474-1A3956D46DE8}") = "01.GeCli.API", "01.GeCli.API", "{CB0FDAE5-3371-4D3D-A6FF-9BB4B2BAC34F}"
EndProject
Project("{2150E333-8FDC-42A3-9474-1A3956D46DE8}") = "03.GeCli.Domain", "03.GeCli.Domain", "{81DF57A8-39D8-41FF-8B10-68E825ED83E1}"
EndProject
Project("{2150E333-8FDC-42A3-9474-1A3956D46DE8}") = "04.GeCli.Infra", "04.GeCli.Infra", "{0BCB56FB-01B7-4FCA-9A4C-59594C84E780}"
EndProject
Project("{9A19103F-16F7-4668-BE54-9A1E7A4F7556}") = "GeCli.Back.Shared", "GeCli.Back.Shared\GeCli.Back.Shared.csproj", "{55CF1F87-F417-42D3-BB1C-398D655B86E4}"
EndProject
Project("{2150E333-8FDC-42A3-9474-1A3956D46DE8}") = "05.GeCli.Tests", "05.GeCli.Tests", "{02AC0697-254C-4FC0-B252-768F34C6AD55}"
EndProject
Project("{9A19103F-16F7-4668-BE54-9A1E7A4F7556}") = "GeCli.API.Tests", "Gecli.API.Tests\GeCli.API.Tests.csproj", "{20403740-84FF-4BB9-9C18-1DAE492CEE5E}"
EndProject
Project("{9A19103F-16F7-4668-BE54-9A1E7A4F7556}") = "GeCli.Back. FakeData", "GeCli.Back. FakeData\GeCli.Back. FakeData.csproj", "{E3FDA266-5FB7-46B1-8875-0076B1D41310}"
EndProject
Project("{9A19103F-16F7-4668-BE54-9A1E7A4F7556}") = "GeCli.Repository.Tests", "GeCli.Repository.Tests\GeCli.Repository.Tests.csproj", "{0BEAE61F-99E0-49F0-9462-204D3EE33B83}"
EndProject
Project("{FAE04EC0-301F-11D3-BF4B-00C04F79EFBC}") = "GeCli.Manager.Tests", "GeCli.Manager.Tests\GeCli.Manager.Tests.csproj", "{AAC9D14E-E122-486C-BC4D-60BD2B649F2A}"
EndProject
Global
	GlobalSection(SolutionConfigurationPlatforms) = preSolution
		Debug|Any CPU = Debug|Any CPU
		Release|Any CPU = Release|Any CPU
	EndGlobalSection
	GlobalSection(ProjectConfigurationPlatforms) = postSolution
		{2B5B0ED2-0668-448F-879A-F24CFBD04943}.Debug|Any CPU.ActiveCfg = Debug|Any CPU
		{2B5B0ED2-0668-448F-879A-F24CFBD04943}.Debug|Any CPU.Build.0 = Debug|Any CPU
		{2B5B0ED2-0668-448F-879A-F24CFBD04943}.Release|Any CPU.ActiveCfg = Release|Any CPU
		{2B5B0ED2-0668-448F-879A-F24CFBD04943}.Release|Any CPU.Build.0 = Release|Any CPU
		{AA24EC61-4D71-4040-8BA3-34A68BA93048}.Debug|Any CPU.ActiveCfg = Debug|Any CPU
		{AA24EC61-4D71-4040-8BA3-34A68BA93048}.Debug|Any CPU.Build.0 = Debug|Any CPU
		{AA24EC61-4D71-4040-8BA3-34A68BA93048}.Release|Any CPU.ActiveCfg = Release|Any CPU
		{AA24EC61-4D71-4040-8BA3-34A68BA93048}.Release|Any CPU.Build.0 = Release|Any CPU
		{C0D8F52E-4A86-4582-AA33-3A179BE3B4B1}.Debug|Any CPU.ActiveCfg = Debug|Any CPU
		{C0D8F52E-4A86-4582-AA33-3A179BE3B4B1}.Debug|Any CPU.Build.0 = Debug|Any CPU
		{C0D8F52E-4A86-4582-AA33-3A179BE3B4B1}.Release|Any CPU.ActiveCfg = Release|Any CPU
		{C0D8F52E-4A86-4582-AA33-3A179BE3B4B1}.Release|Any CPU.Build.0 = Release|Any CPU
		{5F056F9B-9867-49BB-81C0-672A5225245D}.Debug|Any CPU.ActiveCfg = Debug|Any CPU
		{5F056F9B-9867-49BB-81C0-672A5225245D}.Debug|Any CPU.Build.0 = Debug|Any CPU
		{5F056F9B-9867-49BB-81C0-672A5225245D}.Release|Any CPU.ActiveCfg = Release|Any CPU
		{5F056F9B-9867-49BB-81C0-672A5225245D}.Release|Any CPU.Build.0 = Release|Any CPU
		{B9D47F97-06F7-4425-8AC9-BFE84EE2E74F}.Debug|Any CPU.ActiveCfg = Debug|Any CPU
		{B9D47F97-06F7-4425-8AC9-BFE84EE2E74F}.Debug|Any CPU.Build.0 = Debug|Any CPU
		{B9D47F97-06F7-4425-8AC9-BFE84EE2E74F}.Release|Any CPU.ActiveCfg = Release|Any CPU
		{B9D47F97-06F7-4425-8AC9-BFE84EE2E74F}.Release|Any CPU.Build.0 = Release|Any CPU
		{55CF1F87-F417-42D3-BB1C-398D655B86E4}.Debug|Any CPU.ActiveCfg = Debug|Any CPU
		{55CF1F87-F417-42D3-BB1C-398D655B86E4}.Debug|Any CPU.Build.0 = Debug|Any CPU
		{55CF1F87-F417-42D3-BB1C-398D655B86E4}.Release|Any CPU.ActiveCfg = Release|Any CPU
		{55CF1F87-F417-42D3-BB1C-398D655B86E4}.Release|Any CPU.Build.0 = Release|Any CPU
		{20403740-84FF-4BB9-9C18-1DAE492CEE5E}.Debug|Any CPU.ActiveCfg = Debug|Any CPU
		{20403740-84FF-4BB9-9C18-1DAE492CEE5E}.Debug|Any CPU.Build.0 = Debug|Any CPU
		{20403740-84FF-4BB9-9C18-1DAE492CEE5E}.Release|Any CPU.ActiveCfg = Release|Any CPU
		{20403740-84FF-4BB9-9C18-1DAE492CEE5E}.Release|Any CPU.Build.0 = Release|Any CPU
		{E3FDA266-5FB7-46B1-8875-0076B1D41310}.Debug|Any CPU.ActiveCfg = Debug|Any CPU
		{E3FDA266-5FB7-46B1-8875-0076B1D41310}.Debug|Any CPU.Build.0 = Debug|Any CPU
		{E3FDA266-5FB7-46B1-8875-0076B1D41310}.Release|Any CPU.ActiveCfg = Release|Any CPU
		{E3FDA266-5FB7-46B1-8875-0076B1D41310}.Release|Any CPU.Build.0 = Release|Any CPU
		{0BEAE61F-99E0-49F0-9462-204D3EE33B83}.Debug|Any CPU.ActiveCfg = Debug|Any CPU
		{0BEAE61F-99E0-49F0-9462-204D3EE33B83}.Debug|Any CPU.Build.0 = Debug|Any CPU
		{0BEAE61F-99E0-49F0-9462-204D3EE33B83}.Release|Any CPU.ActiveCfg = Release|Any CPU
		{0BEAE61F-99E0-49F0-9462-204D3EE33B83}.Release|Any CPU.Build.0 = Release|Any CPU
		{AAC9D14E-E122-486C-BC4D-60BD2B649F2A}.Debug|Any CPU.ActiveCfg = Debug|Any CPU
		{AAC9D14E-E122-486C-BC4D-60BD2B649F2A}.Debug|Any CPU.Build.0 = Debug|Any CPU
		{AAC9D14E-E122-486C-BC4D-60BD2B649F2A}.Release|Any CPU.ActiveCfg = Release|Any CPU
		{AAC9D14E-E122-486C-BC4D-60BD2B649F2A}.Release|Any CPU.Build.0 = Release|Any CPU
	EndGlobalSection
	GlobalSection(SolutionProperties) = preSolution
		HideSolutionNode = FALSE
	EndGlobalSection
	GlobalSection(NestedProjects) = preSolution
		{2B5B0ED2-0668-448F-879A-F24CFBD04943} = {81DF57A8-39D8-41FF-8B10-68E825ED83E1}
		{AA24EC61-4D71-4040-8BA3-34A68BA93048} = {0BCB56FB-01B7-4FCA-9A4C-59594C84E780}
		{C0D8F52E-4A86-4582-AA33-3A179BE3B4B1} = {0BCB56FB-01B7-4FCA-9A4C-59594C84E780}
		{5F056F9B-9867-49BB-81C0-672A5225245D} = {CB0FDAE5-3371-4D3D-A6FF-9BB4B2BAC34F}
		{B9D47F97-06F7-4425-8AC9-BFE84EE2E74F} = {4631D518-A6AE-4581-8ED4-6E25AF6A06BC}
		{55CF1F87-F417-42D3-BB1C-398D655B86E4} = {81DF57A8-39D8-41FF-8B10-68E825ED83E1}
		{20403740-84FF-4BB9-9C18-1DAE492CEE5E} = {02AC0697-254C-4FC0-B252-768F34C6AD55}
		{E3FDA266-5FB7-46B1-8875-0076B1D41310} = {02AC0697-254C-4FC0-B252-768F34C6AD55}
		{0BEAE61F-99E0-49F0-9462-204D3EE33B83} = {02AC0697-254C-4FC0-B252-768F34C6AD55}
		{AAC9D14E-E122-486C-BC4D-60BD2B649F2A} = {02AC0697-254C-4FC0-B252-768F34C6AD55}
	EndGlobalSection
	GlobalSection(ExtensibilityGlobals) = postSolution
		SolutionGuid = {52E1E344-EC27-47E0-A8A1-9D6344D81786}
	EndGlobalSection
EndGlobal
